
Microsoft Visual Studio Solution File, Format Version 12.00
# Visual Studio Version 16
VisualStudioVersion = 25.0.1706.1
MinimumVisualStudioVersion = 10.0.40219.1
Project("{FAE04EC0-301F-11D3-BF4B-00C04F79EFBC}") = "AnimalMatchingGame", "AnimalMatchingGame\AnimalMatchingGame.csproj", "{F286A168-FD7A-464C-BC0D-B8DEC0ABCE8B}"
EndProject
Global
	GlobalSection(SolutionConfigurationPlatforms) = preSolution
		Debug|Any CPU = Debug|Any CPU
		Release|Any CPU = Release|Any CPU
	EndGlobalSection
	GlobalSection(ProjectConfigurationPlatforms) = postSolution
		{F286A168-FD7A-464C-BC0D-B8DEC0ABCE8B}.Debug|Any CPU.ActiveCfg = Debug|Any CPU
		{F286A168-FD7A-464C-BC0D-B8DEC0ABCE8B}.Debug|Any CPU.Build.0 = Debug|Any CPU
		{F286A168-FD7A-464C-BC0D-B8DEC0ABCE8B}.Release|Any CPU.ActiveCfg = Release|Any CPU
		{F286A168-FD7A-464C-BC0D-B8DEC0ABCE8B}.Release|Any CPU.Build.0 = Release|Any CPU
	EndGlobalSection
	GlobalSection(SolutionProperties) = preSolution
		HideSolutionNode = FALSE
	EndGlobalSection
	GlobalSection(ExtensibilityGlobals) = postSolution
		SolutionGuid = {769EEDA5-A71F-44EC-906D-BD1EA127472E}
	EndGlobalSection
EndGlobal
